<?xml version="1.0" encoding="utf-8"?>
<Project ToolsVersion="4.0" xmlns="http://schemas.microsoft.com/developer/msbuild/2003">
  <ItemGroup>
    <Filter Include="Source Files">
      <UniqueIdentifier>{4FC737F1-C7A5-4376-A066-2A32D752A2FF}</UniqueIdentifier>
      <Extensions>cpp;c;cc;cxx;def;odl;idl;hpj;bat;asm;asmx</Extensions>
    </Filter>
    <Filter Include="Header Files">
      <UniqueIdentifier>{93995380-89BD-4b04-88EB-625FBE52EBFB}</UniqueIdentifier>
      <Extensions>h;hpp;hxx;hm;inl;inc;xsd</Extensions>
    </Filter>
    <Filter Include="Resource Files">
      <UniqueIdentifier>{67DA6AB6-F800-4c08-8B7A-83BB121AAD01}</UniqueIdentifier>
      <Extensions>rc;ico;cur;bmp;dlg;rc2;rct;bin;rgs;gif;jpg;jpeg;jpe;resx;tiff;tif;png;wav;mfcribbon-ms</Extensions>
    </Filter>
    <Filter Include="Private Header Files">
      <UniqueIdentifier>{cdc9f729-2098-4e42-93b6-47ec034ad7df}</UniqueIdentifier>
    </Filter>
  </ItemGroup>
  <ItemGroup>
    <ClInclude Include="headers\libusbpp\Configuration.h">
      <Filter>Header Files</Filter>
    </ClInclude>
    <ClInclude Include="src\ConfigurationImpl.h">
      <Filter>Private Header Files</Filter>
    </ClInclude>
    <ClInclude Include="src\EndpointImpl.h">
      <Filter>Private Header Files</Filter>
    </ClInclude>
    <ClInclude Include="headers\libusbpp\Endpoint.h">
      <Filter>Header Files</Filter>
    </ClInclude>
    <ClInclude Include="headers\libusbpp\EndpointDefs.h">
      <Filter>Header Files</Filter>
    </ClInclude>
    <ClInclude Include="src\Wideconvert.h">
      <Filter>Private Header Files</Filter>
    </ClInclude>
    <ClInclude Include="headers\libusbpp\Transfer.h">
      <Filter>Header Files</Filter>
    </ClInclude>
    <ClInclude Include="src\TransferImpl.h">
      <Filter>Private Header Files</Filter>
    </ClInclude>
    <ClInclude Include="headers\libusbpp\TransferDefs.h">
      <Filter>Header Files</Filter>
    </ClInclude>
    <ClInclude Include="headers\libusbpp\Device.h">
      <Filter>Header Files</Filter>
    </ClInclude>
    <ClInclude Include="headers\libusbpp\Interface.h">
      <Filter>Header Files</Filter>
    </ClInclude>
    <ClInclude Include="headers\libusbpp.h">
      <Filter>Header Files</Filter>
    </ClInclude>
    <ClInclude Include="src\DeviceImpl.h">
      <Filter>Private Header Files</Filter>
    </ClInclude>
    <ClInclude Include="src\InterfaceImpl.h">
      <Filter>Private Header Files</Filter>
    </ClInclude>
    <ClInclude Include="src\LibusbImpl.h">
      <Filter>Private Header Files</Filter>
    </ClInclude>
    <ClInclude Include="headers\libusbpp\Exception.h">
      <Filter>Header Files</Filter>
    </ClInclude>
  </ItemGroup>
  <ItemGroup>
    <ClCompile Include="src\Configuration.cpp">
      <Filter>Source Files</Filter>
    </ClCompile>
    <ClCompile Include="src\ConfigurationImpl.cpp">
      <Filter>Source Files</Filter>
    </ClCompile>
    <ClCompile Include="src\Wideconvert.cpp">
      <Filter>Source Files</Filter>
    </ClCompile>
    <ClCompile Include="src\TransferImpl.cpp">
      <Filter>Source Files</Filter>
    </ClCompile>
    <ClCompile Include="src\Transfer.cpp">
      <Filter>Source Files</Filter>
    </ClCompile>
    <ClCompile Include="src\Device.cpp">
      <Filter>Source Files</Filter>
    </ClCompile>
    <ClCompile Include="src\DeviceImpl.cpp">
      <Filter>Source Files</Filter>
    </ClCompile>
    <ClCompile Include="src\Endpoint.cpp">
      <Filter>Source Files</Filter>
    </ClCompile>
    <ClCompile Include="src\EndpointImpl.cpp">
      <Filter>Source Files</Filter>
    </ClCompile>
    <ClCompile Include="src\Interface.cpp">
      <Filter>Source Files</Filter>
    </ClCompile>
    <ClCompile Include="src\InterfaceImpl.cpp">
      <Filter>Source Files</Filter>
    </ClCompile>
    <ClCompile Include="src\LibusbImpl.cpp">
      <Filter>Source Files</Filter>
    </ClCompile>
    <ClCompile Include="src\Libusbpp.cpp">
      <Filter>Source Files</Filter>
    </ClCompile>
    <ClCompile Include="src\Exception.cpp">
      <Filter>Source Files</Filter>
    </ClCompile>
  </ItemGroup>
</Project>
