
Microsoft Visual Studio Solution File, Format Version 11.00
# Visual Studio 2010
Project("{8BC9CEB8-8B4A-11D0-8D11-00A0C91BC942}") = "Libusb++", "Libusb++.vcxproj", "{30392DF7-2449-406E-B2DF-40CEA218C8C1}"
EndProject
Project("{8BC9CEB8-8B4A-11D0-8D11-00A0C91BC942}") = "LibusbTest", "examples\LibusbTest.vcxproj", "{C0929D1D-39E5-4859-B60F-4A24D69CD73C}"
	ProjectSection(ProjectDependencies) = postProject
		{30392DF7-2449-406E-B2DF-40CEA218C8C1} = {30392DF7-2449-406E-B2DF-40CEA218C8C1}
	EndProjectSection
EndProject
Global
	GlobalSection(SolutionConfigurationPlatforms) = preSolution
		Debug|Win32 = Debug|Win32
		Release|Win32 = Release|Win32
	EndGlobalSection
	GlobalSection(ProjectConfigurationPlatforms) = postSolution
		{30392DF7-2449-406E-B2DF-40CEA218C8C1}.Debug|Win32.ActiveCfg = Debug|Win32
		{30392DF7-2449-406E-B2DF-40CEA218C8C1}.Debug|Win32.Build.0 = Debug|Win32
		{30392DF7-2449-406E-B2DF-40CEA218C8C1}.Release|Win32.ActiveCfg = Release|Win32
		{30392DF7-2449-406E-B2DF-40CEA218C8C1}.Release|Win32.Build.0 = Release|Win32
		{C0929D1D-39E5-4859-B60F-4A24D69CD73C}.Debug|Win32.ActiveCfg = Debug|Win32
		{C0929D1D-39E5-4859-B60F-4A24D69CD73C}.Debug|Win32.Build.0 = Debug|Win32
		{C0929D1D-39E5-4859-B60F-4A24D69CD73C}.Release|Win32.ActiveCfg = Release|Win32
		{C0929D1D-39E5-4859-B60F-4A24D69CD73C}.Release|Win32.Build.0 = Release|Win32
	EndGlobalSection
	GlobalSection(SolutionProperties) = preSolution
		HideSolutionNode = FALSE
	EndGlobalSection
EndGlobal
